
Microsoft Visual Studio Solution File, Format Version 12.00
# Visual Studio 15
VisualStudioVersion = 15.0.27703.2018
MinimumVisualStudioVersion = 10.0.40219.1
Project("{FAE04EC0-301F-11D3-BF4B-00C04F79EFBC}") = "Hello", "Hello\Hello.csproj", "{66DF3153-AB04-4B2C-9BAD-BD5C935CBB1D}"
EndProject
Project("{FAE04EC0-301F-11D3-BF4B-00C04F79EFBC}") = "StudentDiary", "StudentDiary\StudentDiary.csproj", "{5C496FFB-E327-427E-9B41-D1F23D58B045}"
EndProject
Project("{FAE04EC0-301F-11D3-BF4B-00C04F79EFBC}") = "Constructors", "Constructors\Constructors.csproj", "{1F048050-C13E-46B0-8964-D22DAAC99160}"
EndProject
Global
	GlobalSection(SolutionConfigurationPlatforms) = preSolution
		Debug|Any CPU = Debug|Any CPU
		Release|Any CPU = Release|Any CPU
	EndGlobalSection
	GlobalSection(ProjectConfigurationPlatforms) = postSolution
		{66DF3153-AB04-4B2C-9BAD-BD5C935CBB1D}.Debug|Any CPU.ActiveCfg = Debug|Any CPU
		{66DF3153-AB04-4B2C-9BAD-BD5C935CBB1D}.Debug|Any CPU.Build.0 = Debug|Any CPU
		{66DF3153-AB04-4B2C-9BAD-BD5C935CBB1D}.Release|Any CPU.ActiveCfg = Release|Any CPU
		{66DF3153-AB04-4B2C-9BAD-BD5C935CBB1D}.Release|Any CPU.Build.0 = Release|Any CPU
		{5C496FFB-E327-427E-9B41-D1F23D58B045}.Debug|Any CPU.ActiveCfg = Debug|Any CPU
		{5C496FFB-E327-427E-9B41-D1F23D58B045}.Debug|Any CPU.Build.0 = Debug|Any CPU
		{5C496FFB-E327-427E-9B41-D1F23D58B045}.Release|Any CPU.ActiveCfg = Release|Any CPU
		{5C496FFB-E327-427E-9B41-D1F23D58B045}.Release|Any CPU.Build.0 = Release|Any CPU
		{1F048050-C13E-46B0-8964-D22DAAC99160}.Debug|Any CPU.ActiveCfg = Debug|Any CPU
		{1F048050-C13E-46B0-8964-D22DAAC99160}.Debug|Any CPU.Build.0 = Debug|Any CPU
		{1F048050-C13E-46B0-8964-D22DAAC99160}.Release|Any CPU.ActiveCfg = Release|Any CPU
		{1F048050-C13E-46B0-8964-D22DAAC99160}.Release|Any CPU.Build.0 = Release|Any CPU
	EndGlobalSection
	GlobalSection(SolutionProperties) = preSolution
		HideSolutionNode = FALSE
	EndGlobalSection
	GlobalSection(ExtensibilityGlobals) = postSolution
		SolutionGuid = {88398F6E-1B0D-412B-BD54-F95A064C161C}
	EndGlobalSection
EndGlobal
